// !$*UTF8*$!
{
	archiveVersion = 1;
	classes = {
	};
	objectVersion = 48;
	objects = {

/* Begin PBXBuildFile section */
		363A02941F803C8C00410413 /* ImageContentMode.swift in Sources */ = {isa = PBXBuildFile; fileRef = 363A02931F803C8C00410413 /* ImageContentMode.swift */; };
		363A02961F81130300410413 /* ActivityIndicator.swift in Sources */ = {isa = PBXBuildFile; fileRef = 363A02951F81130300410413 /* ActivityIndicator.swift */; };
		3675CD711F813B2500904D5C /* Stepper.swift in Sources */ = {isa = PBXBuildFile; fileRef = 3675CD701F813B2500904D5C /* Stepper.swift */; };
		9C2EB1B81F7FB1A00058FDD9 /* Switch.swift in Sources */ = {isa = PBXBuildFile; fileRef = 9C2EB1B71F7FB1A00058FDD9 /* Switch.swift */; };
		9C2EB1BA1F7FB45E0058FDD9 /* TextField.swift in Sources */ = {isa = PBXBuildFile; fileRef = 9C2EB1B91F7FB45E0058FDD9 /* TextField.swift */; };
		9C36B3961F80E5CA00A4EEEB /* Slider.swift in Sources */ = {isa = PBXBuildFile; fileRef = 9C36B3951F80E5CA00A4EEEB /* Slider.swift */; };
		9C64501C1F80072400360A10 /* Segment.swift in Sources */ = {isa = PBXBuildFile; fileRef = 9C64501B1F80072400360A10 /* Segment.swift */; };
		9CA424191F7EE53100061642 /* AppDelegate.swift in Sources */ = {isa = PBXBuildFile; fileRef = 9CA424181F7EE53100061642 /* AppDelegate.swift */; };
		9CA4241E1F7EE53100061642 /* Main.storyboard in Resources */ = {isa = PBXBuildFile; fileRef = 9CA4241C1F7EE53100061642 /* Main.storyboard */; };
		9CA424201F7EE53100061642 /* Assets.xcassets in Resources */ = {isa = PBXBuildFile; fileRef = 9CA4241F1F7EE53100061642 /* Assets.xcassets */; };
		9CA424231F7EE53100061642 /* LaunchScreen.storyboard in Resources */ = {isa = PBXBuildFile; fileRef = 9CA424211F7EE53100061642 /* LaunchScreen.storyboard */; };
		9CCA13F31F8BEC5F001FA00F /* Progress.swift in Sources */ = {isa = PBXBuildFile; fileRef = 9CCA13F21F8BEC5F001FA00F /* Progress.swift */; };
		9CFA1EE61F7F911600A0EEE6 /* First.swift in Sources */ = {isa = PBXBuildFile; fileRef = 9CFA1EE51F7F911600A0EEE6 /* First.swift */; };
		9CFA1EE81F7F91A900A0EEE6 /* TableCelll.swift in Sources */ = {isa = PBXBuildFile; fileRef = 9CFA1EE71F7F91A900A0EEE6 /* TableCelll.swift */; };
		9CFA1EEA1F7F926700A0EEE6 /* Model.swift in Sources */ = {isa = PBXBuildFile; fileRef = 9CFA1EE91F7F926700A0EEE6 /* Model.swift */; };
		9CFA1EEC1F7F9A7F00A0EEE6 /* Alert.swift in Sources */ = {isa = PBXBuildFile; fileRef = 9CFA1EEB1F7F9A7F00A0EEE6 /* Alert.swift */; };
		9CFA1EEF1F7FAAC500A0EEE6 /* Label.swift in Sources */ = {isa = PBXBuildFile; fileRef = 9CFA1EEE1F7FAAC500A0EEE6 /* Label.swift */; };
/* End PBXBuildFile section */

/* Begin PBXFileReference section */
		363A02931F803C8C00410413 /* ImageContentMode.swift */ = {isa = PBXFileReference; lastKnownFileType = sourcecode.swift; path = ImageContentMode.swift; sourceTree = "<group>"; };
		363A02951F81130300410413 /* ActivityIndicator.swift */ = {isa = PBXFileReference; lastKnownFileType = sourcecode.swift; path = ActivityIndicator.swift; sourceTree = "<group>"; };
		3675CD701F813B2500904D5C /* Stepper.swift */ = {isa = PBXFileReference; lastKnownFileType = sourcecode.swift; path = Stepper.swift; sourceTree = "<group>"; };
		9C2EB1B71F7FB1A00058FDD9 /* Switch.swift */ = {isa = PBXFileReference; lastKnownFileType = sourcecode.swift; path = Switch.swift; sourceTree = "<group>"; };
		9C2EB1B91F7FB45E0058FDD9 /* TextField.swift */ = {isa = PBXFileReference; lastKnownFileType = sourcecode.swift; path = TextField.swift; sourceTree = "<group>"; };
		9C36B3951F80E5CA00A4EEEB /* Slider.swift */ = {isa = PBXFileReference; lastKnownFileType = sourcecode.swift; path = Slider.swift; sourceTree = "<group>"; };
		9C64501B1F80072400360A10 /* Segment.swift */ = {isa = PBXFileReference; lastKnownFileType = sourcecode.swift; path = Segment.swift; sourceTree = "<group>"; };
		9CA424151F7EE53100061642 /* SwiftParty.app */ = {isa = PBXFileReference; explicitFileType = wrapper.application; includeInIndex = 0; path = SwiftParty.app; sourceTree = BUILT_PRODUCTS_DIR; };
		9CA424181F7EE53100061642 /* AppDelegate.swift */ = {isa = PBXFileReference; lastKnownFileType = sourcecode.swift; path = AppDelegate.swift; sourceTree = "<group>"; };
		9CA4241D1F7EE53100061642 /* Base */ = {isa = PBXFileReference; lastKnownFileType = file.storyboard; name = Base; path = Base.lproj/Main.storyboard; sourceTree = "<group>"; };
		9CA4241F1F7EE53100061642 /* Assets.xcassets */ = {isa = PBXFileReference; lastKnownFileType = folder.assetcatalog; path = Assets.xcassets; sourceTree = "<group>"; };
		9CA424221F7EE53100061642 /* Base */ = {isa = PBXFileReference; lastKnownFileType = file.storyboard; name = Base; path = Base.lproj/LaunchScreen.storyboard; sourceTree = "<group>"; };
		9CA424241F7EE53100061642 /* Info.plist */ = {isa = PBXFileReference; lastKnownFileType = text.plist.xml; path = Info.plist; sourceTree = "<group>"; };
		9CCA13F21F8BEC5F001FA00F /* Progress.swift */ = {isa = PBXFileReference; lastKnownFileType = sourcecode.swift; path = Progress.swift; sourceTree = "<group>"; };
		9CFA1EE51F7F911600A0EEE6 /* First.swift */ = {isa = PBXFileReference; lastKnownFileType = sourcecode.swift; path = First.swift; sourceTree = "<group>"; };
		9CFA1EE71F7F91A900A0EEE6 /* TableCelll.swift */ = {isa = PBXFileReference; lastKnownFileType = sourcecode.swift; path = TableCelll.swift; sourceTree = "<group>"; };
		9CFA1EE91F7F926700A0EEE6 /* Model.swift */ = {isa = PBXFileReference; lastKnownFileType = sourcecode.swift; path = Model.swift; sourceTree = "<group>"; };
		9CFA1EEB1F7F9A7F00A0EEE6 /* Alert.swift */ = {isa = PBXFileReference; lastKnownFileType = sourcecode.swift; path = Alert.swift; sourceTree = "<group>"; };
		9CFA1EEE1F7FAAC500A0EEE6 /* Label.swift */ = {isa = PBXFileReference; lastKnownFileType = sourcecode.swift; path = Label.swift; sourceTree = "<group>"; };
/* End PBXFileReference section */

/* Begin PBXFrameworksBuildPhase section */
		9CA424121F7EE53100061642 /* Frameworks */ = {
			isa = PBXFrameworksBuildPhase;
			buildActionMask = 2147483647;
			files = (
			);
			runOnlyForDeploymentPostprocessing = 0;
		};
/* End PBXFrameworksBuildPhase section */

/* Begin PBXGroup section */
		9CA4240C1F7EE53100061642 = {
			isa = PBXGroup;
			children = (
				9CA424171F7EE53100061642 /* SwiftParty */,
				9CA424161F7EE53100061642 /* Products */,
			);
			sourceTree = "<group>";
		};
		9CA424161F7EE53100061642 /* Products */ = {
			isa = PBXGroup;
			children = (
				9CA424151F7EE53100061642 /* SwiftParty.app */,
			);
			name = Products;
			sourceTree = "<group>";
		};
		9CA424171F7EE53100061642 /* SwiftParty */ = {
			isa = PBXGroup;
			children = (
				9CFA1EED1F7F9AC600A0EEE6 /* Descriptions */,
				9CA424181F7EE53100061642 /* AppDelegate.swift */,
				9CA4241C1F7EE53100061642 /* Main.storyboard */,
				9CFA1EE91F7F926700A0EEE6 /* Model.swift */,
				9CFA1EE71F7F91A900A0EEE6 /* TableCelll.swift */,
				9CFA1EE51F7F911600A0EEE6 /* First.swift */,
				9CA4241F1F7EE53100061642 /* Assets.xcassets */,
				9CA424211F7EE53100061642 /* LaunchScreen.storyboard */,
				9CA424241F7EE53100061642 /* Info.plist */,
			);
			path = SwiftParty;
			sourceTree = "<group>";
		};
		9CFA1EED1F7F9AC600A0EEE6 /* Descriptions */ = {
			isa = PBXGroup;
			children = (
				9CFA1EEB1F7F9A7F00A0EEE6 /* Alert.swift */,
				9CFA1EEE1F7FAAC500A0EEE6 /* Label.swift */,
				9C2EB1B71F7FB1A00058FDD9 /* Switch.swift */,
				9C2EB1B91F7FB45E0058FDD9 /* TextField.swift */,
				9C64501B1F80072400360A10 /* Segment.swift */,
				363A02931F803C8C00410413 /* ImageContentMode.swift */,
				9C36B3951F80E5CA00A4EEEB /* Slider.swift */,
				363A02951F81130300410413 /* ActivityIndicator.swift */,
				3675CD701F813B2500904D5C /* Stepper.swift */,
				9CCA13F21F8BEC5F001FA00F /* Progress.swift */,
			);
			path = Descriptions;
			sourceTree = "<group>";
		};
/* End PBXGroup section */

/* Begin PBXNativeTarget section */
		9CA424141F7EE53100061642 /* SwiftParty */ = {
			isa = PBXNativeTarget;
			buildConfigurationList = 9CA424271F7EE53100061642 /* Build configuration list for PBXNativeTarget "SwiftParty" */;
			buildPhases = (
				9CA424111F7EE53100061642 /* Sources */,
				9CA424121F7EE53100061642 /* Frameworks */,
				9CA424131F7EE53100061642 /* Resources */,
			);
			buildRules = (
			);
			dependencies = (
			);
			name = SwiftParty;
			productName = SwiftParty;
			productReference = 9CA424151F7EE53100061642 /* SwiftParty.app */;
			productType = "com.apple.product-type.application";
		};
/* End PBXNativeTarget section */

/* Begin PBXProject section */
		9CA4240D1F7EE53100061642 /* Project object */ = {
			isa = PBXProject;
			attributes = {
				LastSwiftUpdateCheck = 0900;
				LastUpgradeCheck = 0900;
				ORGANIZATIONNAME = SwiftParty;
				TargetAttributes = {
					9CA424141F7EE53100061642 = {
						CreatedOnToolsVersion = 9.0;
						ProvisioningStyle = Automatic;
					};
				};
			};
			buildConfigurationList = 9CA424101F7EE53100061642 /* Build configuration list for PBXProject "SwiftParty" */;
			compatibilityVersion = "Xcode 8.0";
			developmentRegion = en;
			hasScannedForEncodings = 0;
			knownRegions = (
				en,
				Base,
			);
			mainGroup = 9CA4240C1F7EE53100061642;
			productRefGroup = 9CA424161F7EE53100061642 /* Products */;
			projectDirPath = "";
			projectRoot = "";
			targets = (
				9CA424141F7EE53100061642 /* SwiftParty */,
			);
		};
/* End PBXProject section */

/* Begin PBXResourcesBuildPhase section */
		9CA424131F7EE53100061642 /* Resources */ = {
			isa = PBXResourcesBuildPhase;
			buildActionMask = 2147483647;
			files = (
				9CA424231F7EE53100061642 /* LaunchScreen.storyboard in Resources */,
				9CA424201F7EE53100061642 /* Assets.xcassets in Resources */,
				9CA4241E1F7EE53100061642 /* Main.storyboard in Resources */,
			);
			runOnlyForDeploymentPostprocessing = 0;
		};
/* End PBXResourcesBuildPhase section */

/* Begin PBXSourcesBuildPhase section */
		9CA424111F7EE53100061642 /* Sources */ = {
			isa = PBXSourcesBuildPhase;
			buildActionMask = 2147483647;
			files = (
				9CFA1EE61F7F911600A0EEE6 /* First.swift in Sources */,
				9C36B3961F80E5CA00A4EEEB /* Slider.swift in Sources */,
				9C64501C1F80072400360A10 /* Segment.swift in Sources */,
				363A02941F803C8C00410413 /* ImageContentMode.swift in Sources */,
				363A02961F81130300410413 /* ActivityIndicator.swift in Sources */,
				9CFA1EE81F7F91A900A0EEE6 /* TableCelll.swift in Sources */,
				9CFA1EEF1F7FAAC500A0EEE6 /* Label.swift in Sources */,
				9C2EB1BA1F7FB45E0058FDD9 /* TextField.swift in Sources */,
				9CA424191F7EE53100061642 /* AppDelegate.swift in Sources */,
				9CFA1EEC1F7F9A7F00A0EEE6 /* Alert.swift in Sources */,
				9CCA13F31F8BEC5F001FA00F /* Progress.swift in Sources */,
				3675CD711F813B2500904D5C /* Stepper.swift in Sources */,
				9CFA1EEA1F7F926700A0EEE6 /* Model.swift in Sources */,
				9C2EB1B81F7FB1A00058FDD9 /* Switch.swift in Sources */,
			);
			runOnlyForDeploymentPostprocessing = 0;
		};
/* End PBXSourcesBuildPhase section */

/* Begin PBXVariantGroup section */
		9CA4241C1F7EE53100061642 /* Main.storyboard */ = {
			isa = PBXVariantGroup;
			children = (
				9CA4241D1F7EE53100061642 /* Base */,
			);
			name = Main.storyboard;
			sourceTree = "<group>";
		};
		9CA424211F7EE53100061642 /* LaunchScreen.storyboard */ = {
			isa = PBXVariantGroup;
			children = (
				9CA424221F7EE53100061642 /* Base */,
			);
			name = LaunchScreen.storyboard;
			sourceTree = "<group>";
		};
/* End PBXVariantGroup section */

/* Begin XCBuildConfiguration section */
		9CA424251F7EE53100061642 /* Debug */ = {
			isa = XCBuildConfiguration;
			buildSettings = {
				ALWAYS_SEARCH_USER_PATHS = NO;
				CLANG_ANALYZER_NONNULL = YES;
				CLANG_ANALYZER_NUMBER_OBJECT_CONVERSION = YES_AGGRESSIVE;
				CLANG_CXX_LANGUAGE_STANDARD = "gnu++14";
				CLANG_CXX_LIBRARY = "libc++";
				CLANG_ENABLE_MODULES = YES;
				CLANG_ENABLE_OBJC_ARC = YES;
				CLANG_WARN_BLOCK_CAPTURE_AUTORELEASING = YES;
				CLANG_WARN_BOOL_CONVERSION = YES;
				CLANG_WARN_COMMA = YES;
				CLANG_WARN_CONSTANT_CONVERSION = YES;
				CLANG_WARN_DIRECT_OBJC_ISA_USAGE = YES_ERROR;
				CLANG_WARN_DOCUMENTATION_COMMENTS = YES;
				CLANG_WARN_EMPTY_BODY = YES;
				CLANG_WARN_ENUM_CONVERSION = YES;
				CLANG_WARN_INFINITE_RECURSION = YES;
				CLANG_WARN_INT_CONVERSION = YES;
				CLANG_WARN_NON_LITERAL_NULL_CONVERSION = YES;
				CLANG_WARN_OBJC_LITERAL_CONVERSION = YES;
				CLANG_WARN_OBJC_ROOT_CLASS = YES_ERROR;
				CLANG_WARN_RANGE_LOOP_ANALYSIS = YES;
				CLANG_WARN_STRICT_PROTOTYPES = YES;
				CLANG_WARN_SUSPICIOUS_MOVE = YES;
				CLANG_WARN_UNGUARDED_AVAILABILITY = YES_AGGRESSIVE;
				CLANG_WARN_UNREACHABLE_CODE = YES;
				CLANG_WARN__DUPLICATE_METHOD_MATCH = YES;
				CODE_SIGN_IDENTITY = "iPhone Developer";
				COPY_PHASE_STRIP = NO;
				DEBUG_INFORMATION_FORMAT = dwarf;
				ENABLE_STRICT_OBJC_MSGSEND = YES;
				ENABLE_TESTABILITY = YES;
				GCC_C_LANGUAGE_STANDARD = gnu11;
				GCC_DYNAMIC_NO_PIC = NO;
				GCC_NO_COMMON_BLOCKS = YES;
				GCC_OPTIMIZATION_LEVEL = 0;
				GCC_PREPROCESSOR_DEFINITIONS = (
					"DEBUG=1",
					"$(inherited)",
				);
				GCC_WARN_64_TO_32_BIT_CONVERSION = YES;
				GCC_WARN_ABOUT_RETURN_TYPE = YES_ERROR;
				GCC_WARN_UNDECLARED_SELECTOR = YES;
				GCC_WARN_UNINITIALIZED_AUTOS = YES_AGGRESSIVE;
				GCC_WARN_UNUSED_FUNCTION = YES;
				GCC_WARN_UNUSED_VARIABLE = YES;
				IPHONEOS_DEPLOYMENT_TARGET = 11.0;
				MTL_ENABLE_DEBUG_INFO = YES;
				ONLY_ACTIVE_ARCH = YES;
				SDKROOT = iphoneos;
				SWIFT_ACTIVE_COMPILATION_CONDITIONS = DEBUG;
				SWIFT_OPTIMIZATION_LEVEL = "-Onone";
			};
			name = Debug;
		};
		9CA424261F7EE53100061642 /* Release */ = {
			isa = XCBuildConfiguration;
			buildSettings = {
				ALWAYS_SEARCH_USER_PATHS = NO;
				CLANG_ANALYZER_NONNULL = YES;
				CLANG_ANALYZER_NUMBER_OBJECT_CONVERSION = YES_AGGRESSIVE;
				CLANG_CXX_LANGUAGE_STANDARD = "gnu++14";
				CLANG_CXX_LIBRARY = "libc++";
				CLANG_ENABLE_MODULES = YES;
				CLANG_ENABLE_OBJC_ARC = YES;
				CLANG_WARN_BLOCK_CAPTURE_AUTORELEASING = YES;
				CLANG_WARN_BOOL_CONVERSION = YES;
				CLANG_WARN_COMMA = YES;
				CLANG_WARN_CONSTANT_CONVERSION = YES;
				CLANG_WARN_DIRECT_OBJC_ISA_USAGE = YES_ERROR;
				CLANG_WARN_DOCUMENTATION_COMMENTS = YES;
				CLANG_WARN_EMPTY_BODY = YES;
				CLANG_WARN_ENUM_CONVERSION = YES;
				CLANG_WARN_INFINITE_RECURSION = YES;
				CLANG_WARN_INT_CONVERSION = YES;
				CLANG_WARN_NON_LITERAL_NULL_CONVERSION = YES;
				CLANG_WARN_OBJC_LITERAL_CONVERSION = YES;
				CLANG_WARN_OBJC_ROOT_CLASS = YES_ERROR;
				CLANG_WARN_RANGE_LOOP_ANALYSIS = YES;
				CLANG_WARN_STRICT_PROTOTYPES = YES;
				CLANG_WARN_SUSPICIOUS_MOVE = YES;
				CLANG_WARN_UNGUARDED_AVAILABILITY = YES_AGGRESSIVE;
				CLANG_WARN_UNREACHABLE_CODE = YES;
				CLANG_WARN__DUPLICATE_METHOD_MATCH = YES;
				CODE_SIGN_IDENTITY = "iPhone Developer";
				COPY_PHASE_STRIP = NO;
				DEBUG_INFORMATION_FORMAT = "dwarf-with-dsym";
				ENABLE_NS_ASSERTIONS = NO;
				ENABLE_STRICT_OBJC_MSGSEND = YES;
				GCC_C_LANGUAGE_STANDARD = gnu11;
				GCC_NO_COMMON_BLOCKS = YES;
				GCC_WARN_64_TO_32_BIT_CONVERSION = YES;
				GCC_WARN_ABOUT_RETURN_TYPE = YES_ERROR;
				GCC_WARN_UNDECLARED_SELECTOR = YES;
				GCC_WARN_UNINITIALIZED_AUTOS = YES_AGGRESSIVE;
				GCC_WARN_UNUSED_FUNCTION = YES;
				GCC_WARN_UNUSED_VARIABLE = YES;
				IPHONEOS_DEPLOYMENT_TARGET = 11.0;
				MTL_ENABLE_DEBUG_INFO = NO;
				SDKROOT = iphoneos;
				SWIFT_OPTIMIZATION_LEVEL = "-Owholemodule";
				VALIDATE_PRODUCT = YES;
			};
			name = Release;
		};
		9CA424281F7EE53100061642 /* Debug */ = {
			isa = XCBuildConfiguration;
			buildSettings = {
				ASSETCATALOG_COMPILER_APPICON_NAME = AppIcon;
				CODE_SIGN_STYLE = Automatic;
				DEVELOPMENT_TEAM = 84PSNUCWKH;
				INFOPLIST_FILE = SwiftParty/Info.plist;
				IPHONEOS_DEPLOYMENT_TARGET = 10.3;
				LD_RUNPATH_SEARCH_PATHS = "$(inherited) @executable_path/Frameworks";
				PRODUCT_BUNDLE_IDENTIFIER = com.dobrinya.SwiftParty;
				PRODUCT_NAME = "$(TARGET_NAME)";
				SWIFT_VERSION = 4.0;
				TARGETED_DEVICE_FAMILY = "1,2";
			};
			name = Debug;
		};
		9CA424291F7EE53100061642 /* Release */ = {
			isa = XCBuildConfiguration;
			buildSettings = {
				ASSETCATALOG_COMPILER_APPICON_NAME = AppIcon;
				CODE_SIGN_STYLE = Automatic;
				DEVELOPMENT_TEAM = 84PSNUCWKH;
				INFOPLIST_FILE = SwiftParty/Info.plist;
				IPHONEOS_DEPLOYMENT_TARGET = 10.3;
				LD_RUNPATH_SEARCH_PATHS = "$(inherited) @executable_path/Frameworks";
				PRODUCT_BUNDLE_IDENTIFIER = com.dobrinya.SwiftParty;
				PRODUCT_NAME = "$(TARGET_NAME)";
				SWIFT_VERSION = 4.0;
				TARGETED_DEVICE_FAMILY = "1,2";
			};
			name = Release;
		};
/* End XCBuildConfiguration section */

/* Begin XCConfigurationList section */
		9CA424101F7EE53100061642 /* Build configuration list for PBXProject "SwiftParty" */ = {
			isa = XCConfigurationList;
			buildConfigurations = (
				9CA424251F7EE53100061642 /* Debug */,
				9CA424261F7EE53100061642 /* Release */,
			);
			defaultConfigurationIsVisible = 0;
			defaultConfigurationName = Release;
		};
		9CA424271F7EE53100061642 /* Build configuration list for PBXNativeTarget "SwiftParty" */ = {
			isa = XCConfigurationList;
			buildConfigurations = (
				9CA424281F7EE53100061642 /* Debug */,
				9CA424291F7EE53100061642 /* Release */,
			);
			defaultConfigurationIsVisible = 0;
			defaultConfigurationName = Release;
		};
/* End XCConfigurationList section */
	};
	rootObject = 9CA4240D1F7EE53100061642 /* Project object */;
}
